Microsoft Visual Studio Solution File, Format Version 11.00
# Visual Studio 2010
Project("{FAE04EC0-301F-11D3-BF4B-00C04F79EFBC}") = "Absinthe.Core", "core\Absinthe.Core.csproj", "{567FF880-492C-4D17-9A1C-70EE11649FE6}"
EndProject
Project("{FAE04EC0-301F-11D3-BF4B-00C04F79EFBC}") = "Absinthe.Plugins", "plugins\Absinthe.Plugins.csproj", "{D6B143C8-D2CA-4C7B-A285-ACAC9266BEC5}"
EndProject
Project("{FAE04EC0-301F-11D3-BF4B-00C04F79EFBC}") = "Absinthe.Gui", "gui\Absinthe.Gui.csproj", "{D320B347-75CE-4C88-BB1E-58737E022EF8}"
	ProjectSection(ProjectDependencies) = postProject
		{567FF880-492C-4D17-9A1C-70EE11649FE6} = {567FF880-492C-4D17-9A1C-70EE11649FE6}
		{D6B143C8-D2CA-4C7B-A285-ACAC9266BEC5} = {D6B143C8-D2CA-4C7B-A285-ACAC9266BEC5}
	EndProjectSection
EndProject
Global
	GlobalSection(SolutionConfigurationPlatforms) = preSolution
		Debug|Any CPU = Debug|Any CPU
		Release|Any CPU = Release|Any CPU
	EndGlobalSection
	GlobalSection(ProjectConfigurationPlatforms) = postSolution
		{567FF880-492C-4D17-9A1C-70EE11649FE6}.Debug|Any CPU.ActiveCfg = Debug|Any CPU
		{567FF880-492C-4D17-9A1C-70EE11649FE6}.Debug|Any CPU.Build.0 = Debug|Any CPU
		{567FF880-492C-4D17-9A1C-70EE11649FE6}.Release|Any CPU.ActiveCfg = Release|Any CPU
		{567FF880-492C-4D17-9A1C-70EE11649FE6}.Release|Any CPU.Build.0 = Release|Any CPU
		{D6B143C8-D2CA-4C7B-A285-ACAC9266BEC5}.Debug|Any CPU.ActiveCfg = Debug|Any CPU
		{D6B143C8-D2CA-4C7B-A285-ACAC9266BEC5}.Debug|Any CPU.Build.0 = Debug|Any CPU
		{D6B143C8-D2CA-4C7B-A285-ACAC9266BEC5}.Release|Any CPU.ActiveCfg = Release|Any CPU
		{D6B143C8-D2CA-4C7B-A285-ACAC9266BEC5}.Release|Any CPU.Build.0 = Release|Any CPU
		{D320B347-75CE-4C88-BB1E-58737E022EF8}.Debug|Any CPU.ActiveCfg = Debug|Any CPU
		{D320B347-75CE-4C88-BB1E-58737E022EF8}.Debug|Any CPU.Build.0 = Debug|Any CPU
		{D320B347-75CE-4C88-BB1E-58737E022EF8}.Release|Any CPU.ActiveCfg = Release|Any CPU
		{D320B347-75CE-4C88-BB1E-58737E022EF8}.Release|Any CPU.Build.0 = Release|Any CPU
	EndGlobalSection
	GlobalSection(SolutionProperties) = preSolution
		HideSolutionNode = FALSE
	EndGlobalSection
EndGlobal
